<?xml version="1.0" encoding="utf-8"?>
<Project ToolsVersion="4.0" xmlns="http://schemas.microsoft.com/developer/msbuild/2003">
  <ItemGroup>
    <Filter Include="源文件">
      <UniqueIdentifier>{4FC737F1-C7A5-4376-A066-2A32D752A2FF}</UniqueIdentifier>
      <Extensions>cpp;c;cc;cxx;def;odl;idl;hpj;bat;asm;asmx</Extensions>
    </Filter>
    <Filter Include="头文件">
      <UniqueIdentifier>{93995380-89BD-4b04-88EB-625FBE52EBFB}</UniqueIdentifier>
      <Extensions>h;hh;hpp;hxx;hm;inl;inc;xsd</Extensions>
    </Filter>
    <Filter Include="资源文件">
      <UniqueIdentifier>{67DA6AB6-F800-4c08-8B7A-83BB121AAD01}</UniqueIdentifier>
      <Extensions>rc;ico;cur;bmp;dlg;rc2;rct;bin;rgs;gif;jpg;jpeg;jpe;resx;tiff;tif;png;wav;mfcribbon-ms</Extensions>
    </Filter>
    <Filter Include="头文件\ChartCtrl">
      <UniqueIdentifier>{7131fdd5-3693-4006-b863-4edf9727d295}</UniqueIdentifier>
    </Filter>
    <Filter Include="源文件\ChartCtrl">
      <UniqueIdentifier>{7da3d605-7912-477b-bbe6-30eddecfe9c0}</UniqueIdentifier>
    </Filter>
  </ItemGroup>
  <ItemGroup>
    <Text Include="ReadMe.txt" />
  </ItemGroup>
  <ItemGroup>
    <ClInclude Include="tiny.h">
      <Filter>头文件</Filter>
    </ClInclude>
    <ClInclude Include="tinyDlg.h">
      <Filter>头文件</Filter>
    </ClInclude>
    <ClInclude Include="stdafx.h">
      <Filter>头文件</Filter>
    </ClInclude>
    <ClInclude Include="targetver.h">
      <Filter>头文件</Filter>
    </ClInclude>
    <ClInclude Include="Resource.h">
      <Filter>头文件</Filter>
    </ClInclude>
    <ClInclude Include="Param.h">
      <Filter>头文件</Filter>
    </ClInclude>
    <ClInclude Include="E:\software\ChartCtrl\ChartAxis.h">
      <Filter>头文件\ChartCtrl</Filter>
    </ClInclude>
    <ClInclude Include="E:\software\ChartCtrl\ChartAxisLabel.h">
      <Filter>头文件\ChartCtrl</Filter>
    </ClInclude>
    <ClInclude Include="E:\software\ChartCtrl\ChartBalloonLabel.h">
      <Filter>头文件\ChartCtrl</Filter>
    </ClInclude>
    <ClInclude Include="E:\software\ChartCtrl\ChartBarSerie.h">
      <Filter>头文件\ChartCtrl</Filter>
    </ClInclude>
    <ClInclude Include="E:\software\ChartCtrl\ChartCandlestickSerie.h">
      <Filter>头文件\ChartCtrl</Filter>
    </ClInclude>
    <ClInclude Include="E:\software\ChartCtrl\ChartCrossHairCursor.h">
      <Filter>头文件\ChartCtrl</Filter>
    </ClInclude>
    <ClInclude Include="E:\software\ChartCtrl\ChartCtrl.h">
      <Filter>头文件\ChartCtrl</Filter>
    </ClInclude>
    <ClInclude Include="E:\software\ChartCtrl\ChartCursor.h">
      <Filter>头文件\ChartCtrl</Filter>
    </ClInclude>
    <ClInclude Include="E:\software\ChartCtrl\ChartDateTimeAxis.h">
      <Filter>头文件\ChartCtrl</Filter>
    </ClInclude>
    <ClInclude Include="E:\software\ChartCtrl\ChartDragLineCursor.h">
      <Filter>头文件\ChartCtrl</Filter>
    </ClInclude>
    <ClInclude Include="E:\software\ChartCtrl\ChartFont.h">
      <Filter>头文件\ChartCtrl</Filter>
    </ClInclude>
    <ClInclude Include="E:\software\ChartCtrl\ChartGanttSerie.h">
      <Filter>头文件\ChartCtrl</Filter>
    </ClInclude>
    <ClInclude Include="E:\software\ChartCtrl\ChartGradient.h">
      <Filter>头文件\ChartCtrl</Filter>
    </ClInclude>
    <ClInclude Include="E:\software\ChartCtrl\ChartGrid.h">
      <Filter>头文件\ChartCtrl</Filter>
    </ClInclude>
    <ClInclude Include="E:\software\ChartCtrl\ChartLabel.h">
      <Filter>头文件\ChartCtrl</Filter>
    </ClInclude>
    <ClInclude Include="E:\software\ChartCtrl\ChartLegend.h">
      <Filter>头文件\ChartCtrl</Filter>
    </ClInclude>
    <ClInclude Include="E:\software\ChartCtrl\ChartLineSerie.h">
      <Filter>头文件\ChartCtrl</Filter>
    </ClInclude>
    <ClInclude Include="E:\software\ChartCtrl\ChartLogarithmicAxis.h">
      <Filter>头文件\ChartCtrl</Filter>
    </ClInclude>
    <ClInclude Include="E:\software\ChartCtrl\ChartMouseListener.h">
      <Filter>头文件\ChartCtrl</Filter>
    </ClInclude>
    <ClInclude Include="E:\software\ChartCtrl\ChartPointsArray.h">
      <Filter>头文件\ChartCtrl</Filter>
    </ClInclude>
    <ClInclude Include="E:\software\ChartCtrl\ChartPointsSerie.h">
      <Filter>头文件\ChartCtrl</Filter>
    </ClInclude>
    <ClInclude Include="E:\software\ChartCtrl\ChartScrollBar.h">
      <Filter>头文件\ChartCtrl</Filter>
    </ClInclude>
    <ClInclude Include="E:\software\ChartCtrl\ChartSerie.h">
      <Filter>头文件\ChartCtrl</Filter>
    </ClInclude>
    <ClInclude Include="E:\software\ChartCtrl\ChartSerieBase.h">
      <Filter>头文件\ChartCtrl</Filter>
    </ClInclude>
    <ClInclude Include="E:\software\ChartCtrl\ChartSeriesMouseListener.h">
      <Filter>头文件\ChartCtrl</Filter>
    </ClInclude>
    <ClInclude Include="E:\software\ChartCtrl\ChartStandardAxis.h">
      <Filter>头文件\ChartCtrl</Filter>
    </ClInclude>
    <ClInclude Include="E:\software\ChartCtrl\ChartString.h">
      <Filter>头文件\ChartCtrl</Filter>
    </ClInclude>
    <ClInclude Include="E:\software\ChartCtrl\ChartSurfaceSerie.h">
      <Filter>头文件\ChartCtrl</Filter>
    </ClInclude>
    <ClInclude Include="E:\software\ChartCtrl\ChartTitle.h">
      <Filter>头文件\ChartCtrl</Filter>
    </ClInclude>
    <ClInclude Include="E:\software\ChartCtrl\ChartXYSerie.h">
      <Filter>头文件\ChartCtrl</Filter>
    </ClInclude>
    <ClInclude Include="E:\software\ChartCtrl\PointsOrdering.h">
      <Filter>头文件\ChartCtrl</Filter>
    </ClInclude>
  </ItemGroup>
  <ItemGroup>
    <ClCompile Include="tiny.cpp">
      <Filter>源文件</Filter>
    </ClCompile>
    <ClCompile Include="tinyDlg.cpp">
      <Filter>源文件</Filter>
    </ClCompile>
    <ClCompile Include="stdafx.cpp">
      <Filter>源文件</Filter>
    </ClCompile>
    <ClCompile Include="Param.cpp">
      <Filter>源文件</Filter>
    </ClCompile>
    <ClCompile Include="E:\software\ChartCtrl\ChartAxis.cpp">
      <Filter>源文件\ChartCtrl</Filter>
    </ClCompile>
    <ClCompile Include="E:\software\ChartCtrl\ChartAxisLabel.cpp">
      <Filter>源文件\ChartCtrl</Filter>
    </ClCompile>
    <ClCompile Include="E:\software\ChartCtrl\ChartBarSerie.cpp">
      <Filter>源文件\ChartCtrl</Filter>
    </ClCompile>
    <ClCompile Include="E:\software\ChartCtrl\ChartCandlestickSerie.cpp">
      <Filter>源文件\ChartCtrl</Filter>
    </ClCompile>
    <ClCompile Include="E:\software\ChartCtrl\ChartCrossHairCursor.cpp">
      <Filter>源文件\ChartCtrl</Filter>
    </ClCompile>
    <ClCompile Include="E:\software\ChartCtrl\ChartCtrl.cpp">
      <Filter>源文件\ChartCtrl</Filter>
    </ClCompile>
    <ClCompile Include="E:\software\ChartCtrl\ChartCursor.cpp">
      <Filter>源文件\ChartCtrl</Filter>
    </ClCompile>
    <ClCompile Include="E:\software\ChartCtrl\ChartDateTimeAxis.cpp">
      <Filter>源文件\ChartCtrl</Filter>
    </ClCompile>
    <ClCompile Include="E:\software\ChartCtrl\ChartDragLineCursor.cpp">
      <Filter>源文件\ChartCtrl</Filter>
    </ClCompile>
    <ClCompile Include="E:\software\ChartCtrl\ChartFont.cpp">
      <Filter>源文件\ChartCtrl</Filter>
    </ClCompile>
    <ClCompile Include="E:\software\ChartCtrl\ChartGanttSerie.cpp">
      <Filter>源文件\ChartCtrl</Filter>
    </ClCompile>
    <ClCompile Include="E:\software\ChartCtrl\ChartGradient.cpp">
      <Filter>源文件\ChartCtrl</Filter>
    </ClCompile>
    <ClCompile Include="E:\software\ChartCtrl\ChartGrid.cpp">
      <Filter>源文件\ChartCtrl</Filter>
    </ClCompile>
    <ClCompile Include="E:\software\ChartCtrl\ChartLegend.cpp">
      <Filter>源文件\ChartCtrl</Filter>
    </ClCompile>
    <ClCompile Include="E:\software\ChartCtrl\ChartLineSerie.cpp">
      <Filter>源文件\ChartCtrl</Filter>
    </ClCompile>
    <ClCompile Include="E:\software\ChartCtrl\ChartLogarithmicAxis.cpp">
      <Filter>源文件\ChartCtrl</Filter>
    </ClCompile>
    <ClCompile Include="E:\software\ChartCtrl\ChartPointsSerie.cpp">
      <Filter>源文件\ChartCtrl</Filter>
    </ClCompile>
    <ClCompile Include="E:\software\ChartCtrl\ChartScrollBar.cpp">
      <Filter>源文件\ChartCtrl</Filter>
    </ClCompile>
    <ClCompile Include="E:\software\ChartCtrl\ChartSerie.cpp">
      <Filter>源文件\ChartCtrl</Filter>
    </ClCompile>
    <ClCompile Include="E:\software\ChartCtrl\ChartStandardAxis.cpp">
      <Filter>源文件\ChartCtrl</Filter>
    </ClCompile>
    <ClCompile Include="E:\software\ChartCtrl\ChartSurfaceSerie.cpp">
      <Filter>源文件\ChartCtrl</Filter>
    </ClCompile>
    <ClCompile Include="E:\software\ChartCtrl\ChartTitle.cpp">
      <Filter>源文件\ChartCtrl</Filter>
    </ClCompile>
    <ClCompile Include="E:\software\ChartCtrl\ChartXYSerie.cpp">
      <Filter>源文件\ChartCtrl</Filter>
    </ClCompile>
  </ItemGroup>
  <ItemGroup>
    <ResourceCompile Include="tiny.rc">
      <Filter>资源文件</Filter>
    </ResourceCompile>
  </ItemGroup>
  <ItemGroup>
    <None Include="res\tiny.rc2">
      <Filter>资源文件</Filter>
    </None>
    <None Include="E:\software\ChartCtrl\ChartBalloonLabel.inl">
      <Filter>头文件\ChartCtrl</Filter>
    </None>
    <None Include="E:\software\ChartCtrl\ChartLabel.inl">
      <Filter>头文件\ChartCtrl</Filter>
    </None>
    <None Include="E:\software\ChartCtrl\ChartPointsArray.inl">
      <Filter>头文件\ChartCtrl</Filter>
    </None>
    <None Include="E:\software\ChartCtrl\ChartSerieBase.inl">
      <Filter>头文件\ChartCtrl</Filter>
    </None>
    <None Include="ClassDiagram.cd" />
  </ItemGroup>
  <ItemGroup>
    <Image Include="res\indicator_black.ico">
      <Filter>资源文件</Filter>
    </Image>
    <Image Include="res\indicator_green.ico">
      <Filter>资源文件</Filter>
    </Image>
    <Image Include="res\indicator_red.ico">
      <Filter>资源文件</Filter>
    </Image>
    <Image Include="res\indicator_yellow.ico">
      <Filter>资源文件</Filter>
    </Image>
    <Image Include="res\serialport_black.ico">
      <Filter>资源文件</Filter>
    </Image>
    <Image Include="res\serialport_green.ico">
      <Filter>资源文件</Filter>
    </Image>
    <Image Include="res\tiny_24X24.ico">
      <Filter>资源文件</Filter>
    </Image>
    <Image Include="res\tiny_32x32.ico">
      <Filter>资源文件</Filter>
    </Image>
    <Image Include="res\tiny_48X48.ico">
      <Filter>资源文件</Filter>
    </Image>
    <Image Include="res\tiny_64X64.ico">
      <Filter>资源文件</Filter>
    </Image>
    <Image Include="res\tiny.ico">
      <Filter>资源文件</Filter>
    </Image>
  </ItemGroup>
</Project>